{
  "name": "definitions",
  "version": "0.0.1",
  "lockfileVersion": 2,
  "requires": true,
  "packages": {
    "": {
      "name": "definitions",
      "version": "0.0.1",
      "devDependencies": {
        "@types/exif": "^0.6.3",
        "@types/node": "^17.0.21",
        "exiftool-vendored": "^16.1.0"
      }
    },
    "node_modules/@types/exif": {
      "version": "0.6.3",
      "resolved": "https://registry.npmjs.org/@types/exif/-/exif-0.6.3.tgz",
      "integrity": "sha512-OMthUry1d2/gpXL2H3RGaj7KWRw0EWdxI0OANeUWbYMotBxljFuAl3eydCgDaBYTyD+d4Q3atdVcmimwS6KvGg==",
      "dev": true,
      "dependencies": {
        "@types/node": "*"
      }
    },
    "node_modules/@types/luxon": {
      "version": "2.3.1",
      "resolved": "https://registry.npmjs.org/@types/luxon/-/luxon-2.3.1.tgz",
      "integrity": "sha512-nAPUltOT28fal2eDZz8yyzNhBjHw1NEymFBP7Q9iCShqpflWPybxHbD7pw/46jQmT+HXOy1QN5hNTms8MOTlOQ==",
      "dev": true
    },
    "node_modules/@types/node": {
      "version": "17.0.21",
      "resolved": "https://registry.npmjs.org/@types/node/-/node-17.0.21.tgz",
      "integrity": "sha512-DBZCJbhII3r90XbQxI8Y9IjjiiOGlZ0Hr32omXIZvwwZ7p4DMMXGrKXVyPfuoBOri9XNtL0UK69jYIBIsRX3QQ==",
      "dev": true
    },
    "node_modules/batch-cluster": {
      "version": "10.4.0",
      "resolved": "https://registry.npmjs.org/batch-cluster/-/batch-cluster-10.4.0.tgz",
      "integrity": "sha512-W3019fKcwah7QK+YnMaDfFSFXyQcDUD2Qr6emFCsmSTkUweq9FVg295hZL3/rL7Qe5NKAQdLEm3Ej8jIcJoT7Q==",
      "dev": true,
      "engines": {
        "node": ">=10.0.0"
      }
    },
    "node_modules/exiftool-vendored": {
      "version": "16.1.0",
      "resolved": "https://registry.npmjs.org/exiftool-vendored/-/exiftool-vendored-16.1.0.tgz",
      "integrity": "sha512-h2T0TvSle+myyagaXOTv0B3t36AWqyyrDj6nS9/fCEt/UOQB4ys02reTH0t/Q3/7Bjb13F9GjH/b5GQtzmPkJA==",
      "dev": true,
      "dependencies": {
        "@types/luxon": "^2.3.1",
        "batch-cluster": "^10.4.0",
        "he": "^1.2.0",
        "luxon": "^2.3.1",
        "tz-lookup": "^6.1.25"
      },
      "optionalDependencies": {
        "exiftool-vendored.exe": "12.40.0",
        "exiftool-vendored.pl": "12.40.0"
      }
    },
    "node_modules/exiftool-vendored.exe": {
      "version": "12.40.0",
      "resolved": "https://registry.npmjs.org/exiftool-vendored.exe/-/exiftool-vendored.exe-12.40.0.tgz",
      "integrity": "sha512-Ng7CGioXkX3msJzI8HxM5ZbtoUiw/4JFJSxe9d/kOqOo3nMqStB8sqtwjmilsHAyuW2JIGkUtZ+IxPkuzRrmyA==",
      "dev": true,
      "optional": true,
      "os": [
        "win32"
      ]
    },
    "node_modules/exiftool-vendored.pl": {
      "version": "12.40.0",
      "resolved": "https://registry.npmjs.org/exiftool-vendored.pl/-/exiftool-vendored.pl-12.40.0.tgz",
      "integrity": "sha512-yNoDhG6g8ifzgm0PPqgWTiI5vdbuTGyTgIlpy+hxeuf7M2b0x6tGtYNakjIO9Q08VDNxXIr1lEZJR2EMZ5JDTQ==",
      "dev": true,
      "optional": true,
      "os": [
        "!win32"
      ]
    },
    "node_modules/he": {
      "version": "1.2.0",
      "resolved": "https://registry.npmjs.org/he/-/he-1.2.0.tgz",
      "integrity": "sha512-F/1DnUGPopORZi0ni+CvrCgHQ5FyEAHRLSApuYWMmrbSwoN2Mn/7k+Gl38gJnR7yyDZk6WLXwiGod1JOWNDKGw==",
      "dev": true,
      "bin": {
        "he": "bin/he"
      }
    },
    "node_modules/luxon": {
      "version": "2.3.1",
      "resolved": "https://registry.npmjs.org/luxon/-/luxon-2.3.1.tgz",
      "integrity": "sha512-I8vnjOmhXsMSlNMZlMkSOvgrxKJl0uOsEzdGgGNZuZPaS9KlefpE9KV95QFftlJSC+1UyCC9/I69R02cz/zcCA==",
      "dev": true,
      "engines": {
        "node": ">=12"
      }
    },
    "node_modules/tz-lookup": {
      "version": "6.1.25",
      "resolved": "https://registry.npmjs.org/tz-lookup/-/tz-lookup-6.1.25.tgz",
      "integrity": "sha512-fFewT9o1uDzsW1QnUU1ValqaihFnwiUiiHr1S79/fxOzKXYYvX+EHeRnpvQJ9B3Qg67wPXT6QF2Esc4pFOrvLg==",
      "dev": true
    }
  },
  "dependencies": {
    "@types/exif": {
      "version": "0.6.3",
      "resolved": "https://registry.npmjs.org/@types/exif/-/exif-0.6.3.tgz",
      "integrity": "sha512-OMthUry1d2/gpXL2H3RGaj7KWRw0EWdxI0OANeUWbYMotBxljFuAl3eydCgDaBYTyD+d4Q3atdVcmimwS6KvGg==",
      "dev": true,
      "requires": {
        "@types/node": "*"
      }
    },
    "@types/luxon": {
      "version": "2.3.1",
      "resolved": "https://registry.npmjs.org/@types/luxon/-/luxon-2.3.1.tgz",
      "integrity": "sha512-nAPUltOT28fal2eDZz8yyzNhBjHw1NEymFBP7Q9iCShqpflWPybxHbD7pw/46jQmT+HXOy1QN5hNTms8MOTlOQ==",
      "dev": true
    },
    "@types/node": {
      "version": "17.0.21",
      "resolved": "https://registry.npmjs.org/@types/node/-/node-17.0.21.tgz",
      "integrity": "sha512-DBZCJbhII3r90XbQxI8Y9IjjiiOGlZ0Hr32omXIZvwwZ7p4DMMXGrKXVyPfuoBOri9XNtL0UK69jYIBIsRX3QQ==",
      "dev": true
    },
    "batch-cluster": {
      "version": "10.4.0",
      "resolved": "https://registry.npmjs.org/batch-cluster/-/batch-cluster-10.4.0.tgz",
      "integrity": "sha512-W3019fKcwah7QK+YnMaDfFSFXyQcDUD2Qr6emFCsmSTkUweq9FVg295hZL3/rL7Qe5NKAQdLEm3Ej8jIcJoT7Q==",
      "dev": true
    },
    "exiftool-vendored": {
      "version": "16.1.0",
      "resolved": "https://registry.npmjs.org/exiftool-vendored/-/exiftool-vendored-16.1.0.tgz",
      "integrity": "sha512-h2T0TvSle+myyagaXOTv0B3t36AWqyyrDj6nS9/fCEt/UOQB4ys02reTH0t/Q3/7Bjb13F9GjH/b5GQtzmPkJA==",
      "dev": true,
      "requires": {
        "@types/luxon": "^2.3.1",
        "batch-cluster": "^10.4.0",
        "exiftool-vendored.exe": "12.40.0",
        "exiftool-vendored.pl": "12.40.0",
        "he": "^1.2.0",
        "luxon": "^2.3.1",
        "tz-lookup": "^6.1.25"
      }
    },
    "exiftool-vendored.exe": {
      "version": "12.40.0",
      "resolved": "https://registry.npmjs.org/exiftool-vendored.exe/-/exiftool-vendored.exe-12.40.0.tgz",
      "integrity": "sha512-Ng7CGioXkX3msJzI8HxM5ZbtoUiw/4JFJSxe9d/kOqOo3nMqStB8sqtwjmilsHAyuW2JIGkUtZ+IxPkuzRrmyA==",
      "dev": true,
      "optional": true
    },
    "exiftool-vendored.pl": {
      "version": "12.40.0",
      "resolved": "https://registry.npmjs.org/exiftool-vendored.pl/-/exiftool-vendored.pl-12.40.0.tgz",
      "integrity": "sha512-yNoDhG6g8ifzgm0PPqgWTiI5vdbuTGyTgIlpy+hxeuf7M2b0x6tGtYNakjIO9Q08VDNxXIr1lEZJR2EMZ5JDTQ==",
      "dev": true,
      "optional": true
    },
    "he": {
      "version": "1.2.0",
      "resolved": "https://registry.npmjs.org/he/-/he-1.2.0.tgz",
      "integrity": "sha512-F/1DnUGPopORZi0ni+CvrCgHQ5FyEAHRLSApuYWMmrbSwoN2Mn/7k+Gl38gJnR7yyDZk6WLXwiGod1JOWNDKGw==",
      "dev": true
    },
    "luxon": {
      "version": "2.3.1",
      "resolved": "https://registry.npmjs.org/luxon/-/luxon-2.3.1.tgz",
      "integrity": "sha512-I8vnjOmhXsMSlNMZlMkSOvgrxKJl0uOsEzdGgGNZuZPaS9KlefpE9KV95QFftlJSC+1UyCC9/I69R02cz/zcCA==",
      "dev": true
    },
    "tz-lookup": {
      "version": "6.1.25",
      "resolved": "https://registry.npmjs.org/tz-lookup/-/tz-lookup-6.1.25.tgz",
      "integrity": "sha512-fFewT9o1uDzsW1QnUU1ValqaihFnwiUiiHr1S79/fxOzKXYYvX+EHeRnpvQJ9B3Qg67wPXT6QF2Esc4pFOrvLg==",
      "dev": true
    }
  }
}
